// !$*UTF8*$!
{
	archiveVersion = 1;
	classes = {
	};
	objectVersion = 77;
	objects = {

/* Begin PBXContainerItemProxy section */
		1CA836E02CCDA36400C0078E /* PBXContainerItemProxy */ = {
			isa = PBXContainerItemProxy;
			containerPortal = 1CA836BF2CCDA16D00C0078E /* Project object */;
			proxyType = 1;
			remoteGlobalIDString = 1CA836C62CCDA16D00C0078E;
			remoteInfo = "upwards-ios-challenge";
		};
		1CA836EF2CCDA3AA00C0078E /* PBXContainerItemProxy */ = {
			isa = PBXContainerItemProxy;
			containerPortal = 1CA836BF2CCDA16D00C0078E /* Project object */;
			proxyType = 1;
			remoteGlobalIDString = 1CA836C62CCDA16D00C0078E;
			remoteInfo = "upwards-ios-challenge";
		};
/* End PBXContainerItemProxy section */

/* Begin PBXFileReference section */
		1CA836C72CCDA16D00C0078E /* upwards-ios-challenge.app */ = {isa = PBXFileReference; explicitFileType = wrapper.application; includeInIndex = 0; path = "upwards-ios-challenge.app"; sourceTree = BUILT_PRODUCTS_DIR; };
		1CA836DC2CCDA36400C0078E /* upwards-ios-challengeTests.xctest */ = {isa = PBXFileReference; explicitFileType = wrapper.cfbundle; includeInIndex = 0; path = "upwards-ios-challengeTests.xctest"; sourceTree = BUILT_PRODUCTS_DIR; };
		1CA836E92CCDA3AA00C0078E /* upwards-ios-challengeUITests.xctest */ = {isa = PBXFileReference; explicitFileType = wrapper.cfbundle; includeInIndex = 0; path = "upwards-ios-challengeUITests.xctest"; sourceTree = BUILT_PRODUCTS_DIR; };
/* End PBXFileReference section */

/* Begin PBXFileSystemSynchronizedRootGroup section */
		1CA836C92CCDA16D00C0078E /* upwards-ios-challenge */ = {
			isa = PBXFileSystemSynchronizedRootGroup;
			path = "upwards-ios-challenge";
			sourceTree = "<group>";
		};
		1CA836DD2CCDA36400C0078E /* upwards-ios-challengeTests */ = {
			isa = PBXFileSystemSynchronizedRootGroup;
			path = "upwards-ios-challengeTests";
			sourceTree = "<group>";
		};
		1CA836EA2CCDA3AA00C0078E /* upwards-ios-challengeUITests */ = {
			isa = PBXFileSystemSynchronizedRootGroup;
			path = "upwards-ios-challengeUITests";
			sourceTree = "<group>";
		};
/* End PBXFileSystemSynchronizedRootGroup section */

/* Begin PBXFrameworksBuildPhase section */
		1CA836C42CCDA16D00C0078E /* Frameworks */ = {
			isa = PBXFrameworksBuildPhase;
			buildActionMask = 2147483647;
			files = (
			);
			runOnlyForDeploymentPostprocessing = 0;
		};
		1CA836D92CCDA36400C0078E /* Frameworks */ = {
			isa = PBXFrameworksBuildPhase;
			buildActionMask = 2147483647;
			files = (
			);
			runOnlyForDeploymentPostprocessing = 0;
		};
		1CA836E62CCDA3AA00C0078E /* Frameworks */ = {
			isa = PBXFrameworksBuildPhase;
			buildActionMask = 2147483647;
			files = (
			);
			runOnlyForDeploymentPostprocessing = 0;
		};
/* End PBXFrameworksBuildPhase section */

/* Begin PBXGroup section */
		1CA836BE2CCDA16D00C0078E = {
			isa = PBXGroup;
			children = (
				1CA836C92CCDA16D00C0078E /* upwards-ios-challenge */,
				1CA836DD2CCDA36400C0078E /* upwards-ios-challengeTests */,
				1CA836EA2CCDA3AA00C0078E /* upwards-ios-challengeUITests */,
				1CA836C82CCDA16D00C0078E /* Products */,
			);
			sourceTree = "<group>";
		};
		1CA836C82CCDA16D00C0078E /* Products */ = {
			isa = PBXGroup;
			children = (
				1CA836C72CCDA16D00C0078E /* upwards-ios-challenge.app */,
				1CA836DC2CCDA36400C0078E /* upwards-ios-challengeTests.xctest */,
				1CA836E92CCDA3AA00C0078E /* upwards-ios-challengeUITests.xctest */,
			);
			name = Products;
			sourceTree = "<group>";
		};
/* End PBXGroup section */

/* Begin PBXNativeTarget section */
		1CA836C62CCDA16D00C0078E /* upwards-ios-challenge */ = {
			isa = PBXNativeTarget;
			buildConfigurationList = 1CA836D52CCDA16E00C0078E /* Build configuration list for PBXNativeTarget "upwards-ios-challenge" */;
			buildPhases = (
				1CA836C32CCDA16D00C0078E /* Sources */,
				1CA836C42CCDA16D00C0078E /* Frameworks */,
				1CA836C52CCDA16D00C0078E /* Resources */,
			);
			buildRules = (
			);
			dependencies = (
			);
			fileSystemSynchronizedGroups = (
				1CA836C92CCDA16D00C0078E /* upwards-ios-challenge */,
			);
			name = "upwards-ios-challenge";
			packageProductDependencies = (
			);
			productName = "upwards-ios-challenge";
			productReference = 1CA836C72CCDA16D00C0078E /* upwards-ios-challenge.app */;
			productType = "com.apple.product-type.application";
		};
		1CA836DB2CCDA36400C0078E /* upwards-ios-challengeTests */ = {
			isa = PBXNativeTarget;
			buildConfigurationList = 1CA836E22CCDA36400C0078E /* Build configuration list for PBXNativeTarget "upwards-ios-challengeTests" */;
			buildPhases = (
				1CA836D82CCDA36400C0078E /* Sources */,
				1CA836D92CCDA36400C0078E /* Frameworks */,
				1CA836DA2CCDA36400C0078E /* Resources */,
			);
			buildRules = (
			);
			dependencies = (
				1CA836E12CCDA36400C0078E /* PBXTargetDependency */,
			);
			fileSystemSynchronizedGroups = (
				1CA836DD2CCDA36400C0078E /* upwards-ios-challengeTests */,
			);
			name = "upwards-ios-challengeTests";
			packageProductDependencies = (
			);
			productName = "upwards-ios-challengeTests";
			productReference = 1CA836DC2CCDA36400C0078E /* upwards-ios-challengeTests.xctest */;
			productType = "com.apple.product-type.bundle.unit-test";
		};
		1CA836E82CCDA3AA00C0078E /* upwards-ios-challengeUITests */ = {
			isa = PBXNativeTarget;
			buildConfigurationList = 1CA836F12CCDA3AA00C0078E /* Build configuration list for PBXNativeTarget "upwards-ios-challengeUITests" */;
			buildPhases = (
				1CA836E52CCDA3AA00C0078E /* Sources */,
				1CA836E62CCDA3AA00C0078E /* Frameworks */,
				1CA836E72CCDA3AA00C0078E /* Resources */,
			);
			buildRules = (
			);
			dependencies = (
				1CA836F02CCDA3AA00C0078E /* PBXTargetDependency */,
			);
			fileSystemSynchronizedGroups = (
				1CA836EA2CCDA3AA00C0078E /* upwards-ios-challengeUITests */,
			);
			name = "upwards-ios-challengeUITests";
			packageProductDependencies = (
			);
			productName = "upwards-ios-challengeUITests";
			productReference = 1CA836E92CCDA3AA00C0078E /* upwards-ios-challengeUITests.xctest */;
			productType = "com.apple.product-type.bundle.ui-testing";
		};
/* End PBXNativeTarget section */

/* Begin PBXProject section */
		1CA836BF2CCDA16D00C0078E /* Project object */ = {
			isa = PBXProject;
			attributes = {
				BuildIndependentTargetsInParallel = 1;
				LastSwiftUpdateCheck = 1600;
				LastUpgradeCheck = 1600;
				TargetAttributes = {
					1CA836C62CCDA16D00C0078E = {
						CreatedOnToolsVersion = 16.0;
					};
					1CA836DB2CCDA36400C0078E = {
						CreatedOnToolsVersion = 16.0;
						TestTargetID = 1CA836C62CCDA16D00C0078E;
					};
					1CA836E82CCDA3AA00C0078E = {
						CreatedOnToolsVersion = 16.0;
						TestTargetID = 1CA836C62CCDA16D00C0078E;
					};
				};
			};
			buildConfigurationList = 1CA836C22CCDA16D00C0078E /* Build configuration list for PBXProject "upwards-ios-challenge" */;
			developmentRegion = en;
			hasScannedForEncodings = 0;
			knownRegions = (
				en,
				Base,
			);
			mainGroup = 1CA836BE2CCDA16D00C0078E;
			minimizedProjectReferenceProxies = 1;
			preferredProjectObjectVersion = 77;
			productRefGroup = 1CA836C82CCDA16D00C0078E /* Products */;
			projectDirPath = "";
			projectRoot = "";
			targets = (
				1CA836C62CCDA16D00C0078E /* upwards-ios-challenge */,
				1CA836DB2CCDA36400C0078E /* upwards-ios-challengeTests */,
				1CA836E82CCDA3AA00C0078E /* upwards-ios-challengeUITests */,
			);
		};
/* End PBXProject section */

/* Begin PBXResourcesBuildPhase section */
		1CA836C52CCDA16D00C0078E /* Resources */ = {
			isa = PBXResourcesBuildPhase;
			buildActionMask = 2147483647;
			files = (
			);
			runOnlyForDeploymentPostprocessing = 0;
		};
		1CA836DA2CCDA36400C0078E /* Resources */ = {
			isa = PBXResourcesBuildPhase;
			buildActionMask = 2147483647;
			files = (
			);
			runOnlyForDeploymentPostprocessing = 0;
		};
		1CA836E72CCDA3AA00C0078E /* Resources */ = {
			isa = PBXResourcesBuildPhase;
			buildActionMask = 2147483647;
			files = (
			);
			runOnlyForDeploymentPostprocessing = 0;
		};
/* End PBXResourcesBuildPhase section */

/* Begin PBXSourcesBuildPhase section */
		1CA836C32CCDA16D00C0078E /* Sources */ = {
			isa = PBXSourcesBuildPhase;
			buildActionMask = 2147483647;
			files = (
			);
			runOnlyForDeploymentPostprocessing = 0;
		};
		1CA836D82CCDA36400C0078E /* Sources */ = {
			isa = PBXSourcesBuildPhase;
			buildActionMask = 2147483647;
			files = (
			);
			runOnlyForDeploymentPostprocessing = 0;
		};
		1CA836E52CCDA3AA00C0078E /* Sources */ = {
			isa = PBXSourcesBuildPhase;
			buildActionMask = 2147483647;
			files = (
			);
			runOnlyForDeploymentPostprocessing = 0;
		};
/* End PBXSourcesBuildPhase section */

/* Begin PBXTargetDependency section */
		1CA836E12CCDA36400C0078E /* PBXTargetDependency */ = {
			isa = PBXTargetDependency;
			target = 1CA836C62CCDA16D00C0078E /* upwards-ios-challenge */;
			targetProxy = 1CA836E02CCDA36400C0078E /* PBXContainerItemProxy */;
		};
		1CA836F02CCDA3AA00C0078E /* PBXTargetDependency */ = {
			isa = PBXTargetDependency;
			target = 1CA836C62CCDA16D00C0078E /* upwards-ios-challenge */;
			targetProxy = 1CA836EF2CCDA3AA00C0078E /* PBXContainerItemProxy */;
		};
/* End PBXTargetDependency section */

/* Begin XCBuildConfiguration section */
		1CA836D32CCDA16E00C0078E /* Debug */ = {
			isa = XCBuildConfiguration;
			buildSettings = {
				ALWAYS_SEARCH_USER_PATHS = NO;
				ASSETCATALOG_COMPILER_GENERATE_SWIFT_ASSET_SYMBOL_EXTENSIONS = YES;
				CLANG_ANALYZER_NONNULL = YES;
				CLANG_ANALYZER_NUMBER_OBJECT_CONVERSION = YES_AGGRESSIVE;
				CLANG_CXX_LANGUAGE_STANDARD = "gnu++20";
				CLANG_ENABLE_MODULES = YES;
				CLANG_ENABLE_OBJC_ARC = YES;
				CLANG_ENABLE_OBJC_WEAK = YES;
				CLANG_WARN_BLOCK_CAPTURE_AUTORELEASING = YES;
				CLANG_WARN_BOOL_CONVERSION = YES;
				CLANG_WARN_COMMA = YES;
				CLANG_WARN_CONSTANT_CONVERSION = YES;
				CLANG_WARN_DEPRECATED_OBJC_IMPLEMENTATIONS = YES;
				CLANG_WARN_DIRECT_OBJC_ISA_USAGE = YES_ERROR;
				CLANG_WARN_DOCUMENTATION_COMMENTS = YES;
				CLANG_WARN_EMPTY_BODY = YES;
				CLANG_WARN_ENUM_CONVERSION = YES;
				CLANG_WARN_INFINITE_RECURSION = YES;
				CLANG_WARN_INT_CONVERSION = YES;
				CLANG_WARN_NON_LITERAL_NULL_CONVERSION = YES;
				CLANG_WARN_OBJC_IMPLICIT_RETAIN_SELF = YES;
				CLANG_WARN_OBJC_LITERAL_CONVERSION = YES;
				CLANG_WARN_OBJC_ROOT_CLASS = YES_ERROR;
				CLANG_WARN_QUOTED_INCLUDE_IN_FRAMEWORK_HEADER = YES;
				CLANG_WARN_RANGE_LOOP_ANALYSIS = YES;
				CLANG_WARN_STRICT_PROTOTYPES = YES;
				CLANG_WARN_SUSPICIOUS_MOVE = YES;
				CLANG_WARN_UNGUARDED_AVAILABILITY = YES_AGGRESSIVE;
				CLANG_WARN_UNREACHABLE_CODE = YES;
				CLANG_WARN__DUPLICATE_METHOD_MATCH = YES;
				COPY_PHASE_STRIP = NO;
				DEBUG_INFORMATION_FORMAT = dwarf;
				ENABLE_STRICT_OBJC_MSGSEND = YES;
				ENABLE_TESTABILITY = YES;
				ENABLE_USER_SCRIPT_SANDBOXING = YES;
				GCC_C_LANGUAGE_STANDARD = gnu17;
				GCC_DYNAMIC_NO_PIC = NO;
				GCC_NO_COMMON_BLOCKS = YES;
				GCC_OPTIMIZATION_LEVEL = 0;
				GCC_PREPROCESSOR_DEFINITIONS = (
					"DEBUG=1",
					"$(inherited)",
				);
				GCC_WARN_64_TO_32_BIT_CONVERSION = YES;
				GCC_WARN_ABOUT_RETURN_TYPE = YES_ERROR;
				GCC_WARN_UNDECLARED_SELECTOR = YES;
				GCC_WARN_UNINITIALIZED_AUTOS = YES_AGGRESSIVE;
				GCC_WARN_UNUSED_FUNCTION = YES;
				GCC_WARN_UNUSED_VARIABLE = YES;
				IPHONEOS_DEPLOYMENT_TARGET = 15.6;
				LOCALIZATION_PREFERS_STRING_CATALOGS = YES;
				MTL_ENABLE_DEBUG_INFO = INCLUDE_SOURCE;
				MTL_FAST_MATH = YES;
				ONLY_ACTIVE_ARCH = YES;
				SDKROOT = iphoneos;
				SWIFT_ACTIVE_COMPILATION_CONDITIONS = "DEBUG $(inherited)";
				SWIFT_OPTIMIZATION_LEVEL = "-Onone";
			};
			name = Debug;
		};
		1CA836D42CCDA16E00C0078E /* Release */ = {
			isa = XCBuildConfiguration;
			buildSettings = {
				ALWAYS_SEARCH_USER_PATHS = NO;
				ASSETCATALOG_COMPILER_GENERATE_SWIFT_ASSET_SYMBOL_EXTENSIONS = YES;
				CLANG_ANALYZER_NONNULL = YES;
				CLANG_ANALYZER_NUMBER_OBJECT_CONVERSION = YES_AGGRESSIVE;
				CLANG_CXX_LANGUAGE_STANDARD = "gnu++20";
				CLANG_ENABLE_MODULES = YES;
				CLANG_ENABLE_OBJC_ARC = YES;
				CLANG_ENABLE_OBJC_WEAK = YES;
				CLANG_WARN_BLOCK_CAPTURE_AUTORELEASING = YES;
				CLANG_WARN_BOOL_CONVERSION = YES;
				CLANG_WARN_COMMA = YES;
				CLANG_WARN_CONSTANT_CONVERSION = YES;
				CLANG_WARN_DEPRECATED_OBJC_IMPLEMENTATIONS = YES;
				CLANG_WARN_DIRECT_OBJC_ISA_USAGE = YES_ERROR;
				CLANG_WARN_DOCUMENTATION_COMMENTS = YES;
				CLANG_WARN_EMPTY_BODY = YES;
				CLANG_WARN_ENUM_CONVERSION = YES;
				CLANG_WARN_INFINITE_RECURSION = YES;
				CLANG_WARN_INT_CONVERSION = YES;
				CLANG_WARN_NON_LITERAL_NULL_CONVERSION = YES;
				CLANG_WARN_OBJC_IMPLICIT_RETAIN_SELF = YES;
				CLANG_WARN_OBJC_LITERAL_CONVERSION = YES;
				CLANG_WARN_OBJC_ROOT_CLASS = YES_ERROR;
				CLANG_WARN_QUOTED_INCLUDE_IN_FRAMEWORK_HEADER = YES;
				CLANG_WARN_RANGE_LOOP_ANALYSIS = YES;
				CLANG_WARN_STRICT_PROTOTYPES = YES;
				CLANG_WARN_SUSPICIOUS_MOVE = YES;
				CLANG_WARN_UNGUARDED_AVAILABILITY = YES_AGGRESSIVE;
				CLANG_WARN_UNREACHABLE_CODE = YES;
				CLANG_WARN__DUPLICATE_METHOD_MATCH = YES;
				COPY_PHASE_STRIP = NO;
				DEBUG_INFORMATION_FORMAT = "dwarf-with-dsym";
				ENABLE_NS_ASSERTIONS = NO;
				ENABLE_STRICT_OBJC_MSGSEND = YES;
				ENABLE_USER_SCRIPT_SANDBOXING = YES;
				GCC_C_LANGUAGE_STANDARD = gnu17;
				GCC_NO_COMMON_BLOCKS = YES;
				GCC_WARN_64_TO_32_BIT_CONVERSION = YES;
				GCC_WARN_ABOUT_RETURN_TYPE = YES_ERROR;
				GCC_WARN_UNDECLARED_SELECTOR = YES;
				GCC_WARN_UNINITIALIZED_AUTOS = YES_AGGRESSIVE;
				GCC_WARN_UNUSED_FUNCTION = YES;
				GCC_WARN_UNUSED_VARIABLE = YES;
				IPHONEOS_DEPLOYMENT_TARGET = 15.6;
				LOCALIZATION_PREFERS_STRING_CATALOGS = YES;
				MTL_ENABLE_DEBUG_INFO = NO;
				MTL_FAST_MATH = YES;
				SDKROOT = iphoneos;
				SWIFT_COMPILATION_MODE = wholemodule;
				VALIDATE_PRODUCT = YES;
			};
			name = Release;
		};
		1CA836D62CCDA16E00C0078E /* Debug */ = {
			isa = XCBuildConfiguration;
			buildSettings = {
				ASSETCATALOG_COMPILER_APPICON_NAME = AppIcon;
				ASSETCATALOG_COMPILER_GLOBAL_ACCENT_COLOR_NAME = AccentColor;
				CODE_SIGN_STYLE = Automatic;
				CURRENT_PROJECT_VERSION = 1;
				DEVELOPMENT_ASSET_PATHS = "\"upwards-ios-challenge/Preview Content\"";
				DEVELOPMENT_TEAM = "";
				ENABLE_PREVIEWS = YES;
				GENERATE_INFOPLIST_FILE = YES;
				INFOPLIST_KEY_UIApplicationSceneManifest_Generation = YES;
				INFOPLIST_KEY_UIApplicationSupportsIndirectInputEvents = YES;
				INFOPLIST_KEY_UILaunchScreen_Generation = YES;
				INFOPLIST_KEY_UISupportedInterfaceOrientations_iPad = "UIInterfaceOrientationPortrait UIInterfaceOrientationPortraitUpsideDown UIInterfaceOrientationLandscapeLeft UIInterfaceOrientationLandscapeRight";
				INFOPLIST_KEY_UISupportedInterfaceOrientations_iPhone = "UIInterfaceOrientationPortrait UIInterfaceOrientationLandscapeLeft UIInterfaceOrientationLandscapeRight";
				IPHONEOS_DEPLOYMENT_TARGET = 17.6;
				LD_RUNPATH_SEARCH_PATHS = (
					"$(inherited)",
					"@executable_path/Frameworks",
				);
				MARKETING_VERSION = 1.0;
				PRODUCT_BUNDLE_IDENTIFIER = "com.weecare.upwards-ios-challenge";
				PRODUCT_NAME = "$(TARGET_NAME)";
				SWIFT_EMIT_LOC_STRINGS = YES;
				SWIFT_VERSION = 5.0;
				TARGETED_DEVICE_FAMILY = "1,2";
			};
			name = Debug;
		};
		1CA836D72CCDA16E00C0078E /* Release */ = {
			isa = XCBuildConfiguration;
			buildSettings = {
				ASSETCATALOG_COMPILER_APPICON_NAME = AppIcon;
				ASSETCATALOG_COMPILER_GLOBAL_ACCENT_COLOR_NAME = AccentColor;
				CODE_SIGN_STYLE = Automatic;
				CURRENT_PROJECT_VERSION = 1;
				DEVELOPMENT_ASSET_PATHS = "\"upwards-ios-challenge/Preview Content\"";
				DEVELOPMENT_TEAM = "";
				ENABLE_PREVIEWS = YES;
				GENERATE_INFOPLIST_FILE = YES;
				INFOPLIST_KEY_UIApplicationSceneManifest_Generation = YES;
				INFOPLIST_KEY_UIApplicationSupportsIndirectInputEvents = YES;
				INFOPLIST_KEY_UILaunchScreen_Generation = YES;
				INFOPLIST_KEY_UISupportedInterfaceOrientations_iPad = "UIInterfaceOrientationPortrait UIInterfaceOrientationPortraitUpsideDown UIInterfaceOrientationLandscapeLeft UIInterfaceOrientationLandscapeRight";
				INFOPLIST_KEY_UISupportedInterfaceOrientations_iPhone = "UIInterfaceOrientationPortrait UIInterfaceOrientationLandscapeLeft UIInterfaceOrientationLandscapeRight";
				IPHONEOS_DEPLOYMENT_TARGET = 17.6;
				LD_RUNPATH_SEARCH_PATHS = (
					"$(inherited)",
					"@executable_path/Frameworks",
				);
				MARKETING_VERSION = 1.0;
				PRODUCT_BUNDLE_IDENTIFIER = "com.weecare.upwards-ios-challenge";
				PRODUCT_NAME = "$(TARGET_NAME)";
				SWIFT_EMIT_LOC_STRINGS = YES;
				SWIFT_VERSION = 5.0;
				TARGETED_DEVICE_FAMILY = "1,2";
			};
			name = Release;
		};
		1CA836E32CCDA36400C0078E /* Debug */ = {
			isa = XCBuildConfiguration;
			buildSettings = {
				BUNDLE_LOADER = "$(TEST_HOST)";
				CODE_SIGN_STYLE = Automatic;
				CURRENT_PROJECT_VERSION = 1;
				DEVELOPMENT_TEAM = 6YCWDV2B6A;
				GENERATE_INFOPLIST_FILE = YES;
				MARKETING_VERSION = 1.0;
				PRODUCT_BUNDLE_IDENTIFIER = "com.shrtlist.upwards-ios-challengeTests";
				PRODUCT_NAME = "$(TARGET_NAME)";
				SWIFT_EMIT_LOC_STRINGS = NO;
				SWIFT_VERSION = 5.0;
				TARGETED_DEVICE_FAMILY = "1,2";
				TEST_HOST = "$(BUILT_PRODUCTS_DIR)/upwards-ios-challenge.app/$(BUNDLE_EXECUTABLE_FOLDER_PATH)/upwards-ios-challenge";
			};
			name = Debug;
		};
		1CA836E42CCDA36400C0078E /* Release */ = {
			isa = XCBuildConfiguration;
			buildSettings = {
				BUNDLE_LOADER = "$(TEST_HOST)";
				CODE_SIGN_STYLE = Automatic;
				CURRENT_PROJECT_VERSION = 1;
				DEVELOPMENT_TEAM = 6YCWDV2B6A;
				GENERATE_INFOPLIST_FILE = YES;
				MARKETING_VERSION = 1.0;
				PRODUCT_BUNDLE_IDENTIFIER = "com.shrtlist.upwards-ios-challengeTests";
				PRODUCT_NAME = "$(TARGET_NAME)";
				SWIFT_EMIT_LOC_STRINGS = NO;
				SWIFT_VERSION = 5.0;
				TARGETED_DEVICE_FAMILY = "1,2";
				TEST_HOST = "$(BUILT_PRODUCTS_DIR)/upwards-ios-challenge.app/$(BUNDLE_EXECUTABLE_FOLDER_PATH)/upwards-ios-challenge";
			};
			name = Release;
		};
		1CA836F22CCDA3AA00C0078E /* Debug */ = {
			isa = XCBuildConfiguration;
			buildSettings = {
				CODE_SIGN_STYLE = Automatic;
				CURRENT_PROJECT_VERSION = 1;
				DEVELOPMENT_TEAM = 6YCWDV2B6A;
				GENERATE_INFOPLIST_FILE = YES;
				MARKETING_VERSION = 1.0;
				PRODUCT_BUNDLE_IDENTIFIER = "com.shrtlist.upwards-ios-challengeUITests";
				PRODUCT_NAME = "$(TARGET_NAME)";
				SWIFT_EMIT_LOC_STRINGS = NO;
				SWIFT_VERSION = 5.0;
				TARGETED_DEVICE_FAMILY = "1,2";
				TEST_TARGET_NAME = "upwards-ios-challenge";
			};
			name = Debug;
		};
		1CA836F32CCDA3AA00C0078E /* Release */ = {
			isa = XCBuildConfiguration;
			buildSettings = {
				CODE_SIGN_STYLE = Automatic;
				CURRENT_PROJECT_VERSION = 1;
				DEVELOPMENT_TEAM = 6YCWDV2B6A;
				GENERATE_INFOPLIST_FILE = YES;
				MARKETING_VERSION = 1.0;
				PRODUCT_BUNDLE_IDENTIFIER = "com.shrtlist.upwards-ios-challengeUITests";
				PRODUCT_NAME = "$(TARGET_NAME)";
				SWIFT_EMIT_LOC_STRINGS = NO;
				SWIFT_VERSION = 5.0;
				TARGETED_DEVICE_FAMILY = "1,2";
				TEST_TARGET_NAME = "upwards-ios-challenge";
			};
			name = Release;
		};
/* End XCBuildConfiguration section */

/* Begin XCConfigurationList section */
		1CA836C22CCDA16D00C0078E /* Build configuration list for PBXProject "upwards-ios-challenge" */ = {
			isa = XCConfigurationList;
			buildConfigurations = (
				1CA836D32CCDA16E00C0078E /* Debug */,
				1CA836D42CCDA16E00C0078E /* Release */,
			);
			defaultConfigurationIsVisible = 0;
			defaultConfigurationName = Release;
		};
		1CA836D52CCDA16E00C0078E /* Build configuration list for PBXNativeTarget "upwards-ios-challenge" */ = {
			isa = XCConfigurationList;
			buildConfigurations = (
				1CA836D62CCDA16E00C0078E /* Debug */,
				1CA836D72CCDA16E00C0078E /* Release */,
			);
			defaultConfigurationIsVisible = 0;
			defaultConfigurationName = Release;
		};
		1CA836E22CCDA36400C0078E /* Build configuration list for PBXNativeTarget "upwards-ios-challengeTests" */ = {
			isa = XCConfigurationList;
			buildConfigurations = (
				1CA836E32CCDA36400C0078E /* Debug */,
				1CA836E42CCDA36400C0078E /* Release */,
			);
			defaultConfigurationIsVisible = 0;
			defaultConfigurationName = Release;
		};
		1CA836F12CCDA3AA00C0078E /* Build configuration list for PBXNativeTarget "upwards-ios-challengeUITests" */ = {
			isa = XCConfigurationList;
			buildConfigurations = (
				1CA836F22CCDA3AA00C0078E /* Debug */,
				1CA836F32CCDA3AA00C0078E /* Release */,
			);
			defaultConfigurationIsVisible = 0;
			defaultConfigurationName = Release;
		};
/* End XCConfigurationList section */
	};
	rootObject = 1CA836BF2CCDA16D00C0078E /* Project object */;
}
